# This file is automatically @generated by Poetry 1.5.1 and should not be changed by hand.

[[package]]
name = "anyio"
version = "3.7.0"
description = "High level compatibility layer for multiple asynchronous event loop implementations"
optional = false
python-versions = ">=3.7"
files = [
    {file = "anyio-3.7.0-py3-none-any.whl", hash = "sha256:eddca883c4175f14df8aedce21054bfca3adb70ffe76a9f607aef9d7fa2ea7f0"},
    {file = "anyio-3.7.0.tar.gz", hash = "sha256:275d9973793619a5374e1c89a4f4ad3f4b0a5510a2b5b939444bee8f4c4d37ce"},
]

[package.dependencies]
exceptiongroup = {version = "*", markers = "python_version < \"3.11\""}
idna = ">=2.8"
sniffio = ">=1.1"

[package.extras]
doc = ["Sphinx (>=6.1.0)", "packaging", "sphinx-autodoc-typehints (>=1.2.0)", "sphinx-rtd-theme", "sphinxcontrib-jquery"]
test = ["anyio[trio]", "coverage[toml] (>=4.5)", "hypothesis (>=4.0)", "mock (>=4)", "psutil (>=5.9)", "pytest (>=7.0)", "pytest-mock (>=3.6.1)", "trustme", "uvloop (>=0.17)"]
trio = ["trio (<0.22)"]

[[package]]
name = "exceptiongroup"
version = "1.1.2"
description = "Backport of PEP 654 (exception groups)"
optional = false
python-versions = ">=3.7"
files = [
    {file = "exceptiongroup-1.1.2-py3-none-any.whl", hash = "sha256:e346e69d186172ca7cf029c8c1d16235aa0e04035e5750b4b95039e65204328f"},
    {file = "exceptiongroup-1.1.2.tar.gz", hash = "sha256:12c3e887d6485d16943a309616de20ae5582633e0a2eda17f4e10fd61c1e8af5"},
]

[package.extras]
test = ["pytest (>=6)"]

[[package]]
name = "fastapi"
version = "0.99.1"
description = "FastAPI framework, high performance, easy to learn, fast to code, ready for production"
optional = false
python-versions = ">=3.7"
files = [
    {file = "fastapi-0.99.1-py3-none-any.whl", hash = "sha256:976df7bab51ac7beda9f68c4513b8c4490b5c1135c72aafd0a5ee4023ec5282e"},
    {file = "fastapi-0.99.1.tar.gz", hash = "sha256:ac78f717cd80d657bd183f94d33b9bda84aa376a46a9dab513586b8eef1dc6fc"},
]

[package.dependencies]
pydantic = ">=1.7.4,<1.8 || >1.8,<1.8.1 || >1.8.1,<2.0.0"
starlette = ">=0.27.0,<0.28.0"
typing-extensions = ">=4.5.0"

[package.extras]
all = ["email-validator (>=1.1.1)", "httpx (>=0.23.0)", "itsdangerous (>=1.1.0)", "jinja2 (>=2.11.2)", "orjson (>=3.2.1)", "python-multipart (>=0.0.5)", "pyyaml (>=5.3.1)", "ujson (>=4.0.1,!=4.0.2,!=4.1.0,!=4.2.0,!=4.3.0,!=5.0.0,!=5.1.0)", "uvicorn[standard] (>=0.12.0)"]

[[package]]
name = "idna"
version = "3.4"
description = "Internationalized Domain Names in Applications (IDNA)"
optional = false
python-versions = ">=3.5"
files = [
    {file = "idna-3.4-py3-none-any.whl", hash = "sha256:90b77e79eaa3eba6de819a0c442c0b4ceefc341a7a2ab77d7562bf49f425c5c2"},
    {file = "idna-3.4.tar.gz", hash = "sha256:814f528e8dead7d329833b91c5faa87d60bf71824cd12a7530b5526063d02cb4"},
]

[[package]]
name = "pendulum"
version = "2.1.2"
description = "Python datetimes made easy"
optional = false
python-versions = ">=2.7, !=3.0.*, !=3.1.*, !=3.2.*, !=3.3.*, !=3.4.*"
files = [
    {file = "pendulum-2.1.2-cp27-cp27m-macosx_10_15_x86_64.whl", hash = "sha256:b6c352f4bd32dff1ea7066bd31ad0f71f8d8100b9ff709fb343f3b86cee43efe"},
    {file = "pendulum-2.1.2-cp27-cp27m-win_amd64.whl", hash = "sha256:318f72f62e8e23cd6660dbafe1e346950281a9aed144b5c596b2ddabc1d19739"},
    {file = "pendulum-2.1.2-cp35-cp35m-macosx_10_15_x86_64.whl", hash = "sha256:0731f0c661a3cb779d398803655494893c9f581f6488048b3fb629c2342b5394"},
    {file = "pendulum-2.1.2-cp35-cp35m-manylinux1_i686.whl", hash = "sha256:3481fad1dc3f6f6738bd575a951d3c15d4b4ce7c82dce37cf8ac1483fde6e8b0"},
    {file = "pendulum-2.1.2-cp35-cp35m-manylinux1_x86_64.whl", hash = "sha256:9702069c694306297ed362ce7e3c1ef8404ac8ede39f9b28b7c1a7ad8c3959e3"},
    {file = "pendulum-2.1.2-cp35-cp35m-win_amd64.whl", hash = "sha256:fb53ffa0085002ddd43b6ca61a7b34f2d4d7c3ed66f931fe599e1a531b42af9b"},
    {file = "pendulum-2.1.2-cp36-cp36m-macosx_10_15_x86_64.whl", hash = "sha256:c501749fdd3d6f9e726086bf0cd4437281ed47e7bca132ddb522f86a1645d360"},
    {file = "pendulum-2.1.2-cp36-cp36m-manylinux1_i686.whl", hash = "sha256:c807a578a532eeb226150d5006f156632df2cc8c5693d778324b43ff8c515dd0"},
    {file = "pendulum-2.1.2-cp36-cp36m-manylinux1_x86_64.whl", hash = "sha256:2d1619a721df661e506eff8db8614016f0720ac171fe80dda1333ee44e684087"},
    {file = "pendulum-2.1.2-cp36-cp36m-win_amd64.whl", hash = "sha256:f888f2d2909a414680a29ae74d0592758f2b9fcdee3549887779cd4055e975db"},
    {file = "pendulum-2.1.2-cp37-cp37m-macosx_10_15_x86_64.whl", hash = "sha256:e95d329384717c7bf627bf27e204bc3b15c8238fa8d9d9781d93712776c14002"},
    {file = "pendulum-2.1.2-cp37-cp37m-manylinux1_i686.whl", hash = "sha256:4c9c689747f39d0d02a9f94fcee737b34a5773803a64a5fdb046ee9cac7442c5"},
    {file = "pendulum-2.1.2-cp37-cp37m-manylinux1_x86_64.whl", hash = "sha256:1245cd0075a3c6d889f581f6325dd8404aca5884dea7223a5566c38aab94642b"},
    {file = "pendulum-2.1.2-cp37-cp37m-win_amd64.whl", hash = "sha256:db0a40d8bcd27b4fb46676e8eb3c732c67a5a5e6bfab8927028224fbced0b40b"},
    {file = "pendulum-2.1.2-cp38-cp38-macosx_10_15_x86_64.whl", hash = "sha256:f5e236e7730cab1644e1b87aca3d2ff3e375a608542e90fe25685dae46310116"},
    {file = "pendulum-2.1.2-cp38-cp38-manylinux1_i686.whl", hash = "sha256:de42ea3e2943171a9e95141f2eecf972480636e8e484ccffaf1e833929e9e052"},
    {file = "pendulum-2.1.2-cp38-cp38-manylinux1_x86_64.whl", hash = "sha256:7c5ec650cb4bec4c63a89a0242cc8c3cebcec92fcfe937c417ba18277d8560be"},
    {file = "pendulum-2.1.2-cp38-cp38-win_amd64.whl", hash = "sha256:33fb61601083f3eb1d15edeb45274f73c63b3c44a8524703dc143f4212bf3269"},
    {file = "pendulum-2.1.2-cp39-cp39-manylinux1_i686.whl", hash = "sha256:29c40a6f2942376185728c9a0347d7c0f07905638c83007e1d262781f1e6953a"},
    {file = "pendulum-2.1.2-cp39-cp39-manylinux1_x86_64.whl", hash = "sha256:94b1fc947bfe38579b28e1cccb36f7e28a15e841f30384b5ad6c5e31055c85d7"},
    {file = "pendulum-2.1.2.tar.gz", hash = "sha256:b06a0ca1bfe41c990bbf0c029f0b6501a7f2ec4e38bfec730712015e8860f207"},
]

[package.dependencies]
python-dateutil = ">=2.6,<3.0"
pytzdata = ">=2020.1"

[[package]]
name = "pydantic"
version = "1.10.11"
description = "Data validation and settings management using python type hints"
optional = false
python-versions = ">=3.7"
files = [
    {file = "pydantic-1.10.11-cp310-cp310-macosx_10_9_x86_64.whl", hash = "sha256:ff44c5e89315b15ff1f7fdaf9853770b810936d6b01a7bcecaa227d2f8fe444f"},
    {file = "pydantic-1.10.11-cp310-cp310-macosx_11_0_arm64.whl", hash = "sha256:a6c098d4ab5e2d5b3984d3cb2527e2d6099d3de85630c8934efcfdc348a9760e"},
    {file = "pydantic-1.10.11-cp310-cp310-manylinux_2_17_x86_64.manylinux2014_x86_64.whl", hash = "sha256:16928fdc9cb273c6af00d9d5045434c39afba5f42325fb990add2c241402d151"},
    {file = "pydantic-1.10.11-cp310-cp310-manylinux_2_5_i686.manylinux1_i686.manylinux_2_17_i686.manylinux2014_i686.whl", hash = "sha256:0588788a9a85f3e5e9ebca14211a496409cb3deca5b6971ff37c556d581854e7"},
    {file = "pydantic-1.10.11-cp310-cp310-musllinux_1_1_i686.whl", hash = "sha256:e9baf78b31da2dc3d3f346ef18e58ec5f12f5aaa17ac517e2ffd026a92a87588"},
    {file = "pydantic-1.10.11-cp310-cp310-musllinux_1_1_x86_64.whl", hash = "sha256:373c0840f5c2b5b1ccadd9286782852b901055998136287828731868027a724f"},
    {file = "pydantic-1.10.11-cp310-cp310-win_amd64.whl", hash = "sha256:c3339a46bbe6013ef7bdd2844679bfe500347ac5742cd4019a88312aa58a9847"},
    {file = "pydantic-1.10.11-cp311-cp311-macosx_10_9_x86_64.whl", hash = "sha256:08a6c32e1c3809fbc49debb96bf833164f3438b3696abf0fbeceb417d123e6eb"},
    {file = "pydantic-1.10.11-cp311-cp311-macosx_11_0_arm64.whl", hash = "sha256:a451ccab49971af043ec4e0d207cbc8cbe53dbf148ef9f19599024076fe9c25b"},
    {file = "pydantic-1.10.11-cp311-cp311-manylinux_2_17_x86_64.manylinux2014_x86_64.whl", hash = "sha256:5b02d24f7b2b365fed586ed73582c20f353a4c50e4be9ba2c57ab96f8091ddae"},
    {file = "pydantic-1.10.11-cp311-cp311-manylinux_2_5_i686.manylinux1_i686.manylinux_2_17_i686.manylinux2014_i686.whl", hash = "sha256:3f34739a89260dfa420aa3cbd069fbcc794b25bbe5c0a214f8fb29e363484b66"},
    {file = "pydantic-1.10.11-cp311-cp311-musllinux_1_1_i686.whl", hash = "sha256:e297897eb4bebde985f72a46a7552a7556a3dd11e7f76acda0c1093e3dbcf216"},
    {file = "pydantic-1.10.11-cp311-cp311-musllinux_1_1_x86_64.whl", hash = "sha256:d185819a7a059550ecb85d5134e7d40f2565f3dd94cfd870132c5f91a89cf58c"},
    {file = "pydantic-1.10.11-cp311-cp311-win_amd64.whl", hash = "sha256:4400015f15c9b464c9db2d5d951b6a780102cfa5870f2c036d37c23b56f7fc1b"},
    {file = "pydantic-1.10.11-cp37-cp37m-macosx_10_9_x86_64.whl", hash = "sha256:2417de68290434461a266271fc57274a138510dca19982336639484c73a07af6"},
    {file = "pydantic-1.10.11-cp37-cp37m-manylinux_2_17_x86_64.manylinux2014_x86_64.whl", hash = "sha256:331c031ba1554b974c98679bd0780d89670d6fd6f53f5d70b10bdc9addee1713"},
    {file = "pydantic-1.10.11-cp37-cp37m-manylinux_2_5_i686.manylinux1_i686.manylinux_2_17_i686.manylinux2014_i686.whl", hash = "sha256:8268a735a14c308923e8958363e3a3404f6834bb98c11f5ab43251a4e410170c"},
    {file = "pydantic-1.10.11-cp37-cp37m-musllinux_1_1_i686.whl", hash = "sha256:44e51ba599c3ef227e168424e220cd3e544288c57829520dc90ea9cb190c3248"},
    {file = "pydantic-1.10.11-cp37-cp37m-musllinux_1_1_x86_64.whl", hash = "sha256:d7781f1d13b19700b7949c5a639c764a077cbbdd4322ed505b449d3ca8edcb36"},
    {file = "pydantic-1.10.11-cp37-cp37m-win_amd64.whl", hash = "sha256:7522a7666157aa22b812ce14c827574ddccc94f361237ca6ea8bb0d5c38f1629"},
    {file = "pydantic-1.10.11-cp38-cp38-macosx_10_9_x86_64.whl", hash = "sha256:bc64eab9b19cd794a380179ac0e6752335e9555d214cfcb755820333c0784cb3"},
    {file = "pydantic-1.10.11-cp38-cp38-macosx_11_0_arm64.whl", hash = "sha256:8dc77064471780262b6a68fe67e013298d130414d5aaf9b562c33987dbd2cf4f"},
    {file = "pydantic-1.10.11-cp38-cp38-manylinux_2_17_x86_64.manylinux2014_x86_64.whl", hash = "sha256:fe429898f2c9dd209bd0632a606bddc06f8bce081bbd03d1c775a45886e2c1cb"},
    {file = "pydantic-1.10.11-cp38-cp38-manylinux_2_5_i686.manylinux1_i686.manylinux_2_17_i686.manylinux2014_i686.whl", hash = "sha256:192c608ad002a748e4a0bed2ddbcd98f9b56df50a7c24d9a931a8c5dd053bd3d"},
    {file = "pydantic-1.10.11-cp38-cp38-musllinux_1_1_i686.whl", hash = "sha256:ef55392ec4bb5721f4ded1096241e4b7151ba6d50a50a80a2526c854f42e6a2f"},
    {file = "pydantic-1.10.11-cp38-cp38-musllinux_1_1_x86_64.whl", hash = "sha256:41e0bb6efe86281623abbeeb0be64eab740c865388ee934cd3e6a358784aca6e"},
    {file = "pydantic-1.10.11-cp38-cp38-win_amd64.whl", hash = "sha256:265a60da42f9f27e0b1014eab8acd3e53bd0bad5c5b4884e98a55f8f596b2c19"},
    {file = "pydantic-1.10.11-cp39-cp39-macosx_10_9_x86_64.whl", hash = "sha256:469adf96c8e2c2bbfa655fc7735a2a82f4c543d9fee97bd113a7fb509bf5e622"},
    {file = "pydantic-1.10.11-cp39-cp39-macosx_11_0_arm64.whl", hash = "sha256:e6cbfbd010b14c8a905a7b10f9fe090068d1744d46f9e0c021db28daeb8b6de1"},
    {file = "pydantic-1.10.11-cp39-cp39-manylinux_2_17_x86_64.manylinux2014_x86_64.whl", hash = "sha256:abade85268cc92dff86d6effcd917893130f0ff516f3d637f50dadc22ae93999"},
    {file = "pydantic-1.10.11-cp39-cp39-manylinux_2_5_i686.manylinux1_i686.manylinux_2_17_i686.manylinux2014_i686.whl", hash = "sha256:e9738b0f2e6c70f44ee0de53f2089d6002b10c33264abee07bdb5c7f03038303"},
    {file = "pydantic-1.10.11-cp39-cp39-musllinux_1_1_i686.whl", hash = "sha256:787cf23e5a0cde753f2eabac1b2e73ae3844eb873fd1f5bdbff3048d8dbb7604"},
    {file = "pydantic-1.10.11-cp39-cp39-musllinux_1_1_x86_64.whl", hash = "sha256:174899023337b9fc685ac8adaa7b047050616136ccd30e9070627c1aaab53a13"},
    {file = "pydantic-1.10.11-cp39-cp39-win_amd64.whl", hash = "sha256:1954f8778489a04b245a1e7b8b22a9d3ea8ef49337285693cf6959e4b757535e"},
    {file = "pydantic-1.10.11-py3-none-any.whl", hash = "sha256:008c5e266c8aada206d0627a011504e14268a62091450210eda7c07fabe6963e"},
    {file = "pydantic-1.10.11.tar.gz", hash = "sha256:f66d479cf7eb331372c470614be6511eae96f1f120344c25f3f9bb59fb1b5528"},
]

[package.dependencies]
typing-extensions = ">=4.2.0"

[package.extras]
dotenv = ["python-dotenv (>=0.10.4)"]
email = ["email-validator (>=1.0.3)"]

[[package]]
name = "python-dateutil"
version = "2.8.2"
description = "Extensions to the standard Python datetime module"
optional = false
python-versions = "!=3.0.*,!=3.1.*,!=3.2.*,>=2.7"
files = [
    {file = "python-dateutil-2.8.2.tar.gz", hash = "sha256:0123cacc1627ae19ddf3c27a5de5bd67ee4586fbdd6440d9748f8abb483d3e86"},
    {file = "python_dateutil-2.8.2-py2.py3-none-any.whl", hash = "sha256:961d03dc3453ebbc59dbdea9e4e11c5651520a876d0f4db161e8674aae935da9"},
]

[package.dependencies]
six = ">=1.5"

[[package]]
name = "pytzdata"
version = "2020.1"
description = "The Olson timezone database for Python."
optional = false
python-versions = ">=2.7, !=3.0.*, !=3.1.*, !=3.2.*, !=3.3.*"
files = [
    {file = "pytzdata-2020.1-py2.py3-none-any.whl", hash = "sha256:e1e14750bcf95016381e4d472bad004eef710f2d6417240904070b3d6654485f"},
    {file = "pytzdata-2020.1.tar.gz", hash = "sha256:3efa13b335a00a8de1d345ae41ec78dd11c9f8807f522d39850f2dd828681540"},
]

[[package]]
name = "six"
version = "1.16.0"
description = "Python 2 and 3 compatibility utilities"
optional = false
python-versions = ">=2.7, !=3.0.*, !=3.1.*, !=3.2.*"
files = [
    {file = "six-1.16.0-py2.py3-none-any.whl", hash = "sha256:8abb2f1d86890a2dfb989f9a77cfcfd3e47c2a354b01111771326f8aa26e0254"},
    {file = "six-1.16.0.tar.gz", hash = "sha256:1e61c37477a1626458e36f7b1d82aa5c9b094fa4802892072e49de9c60c4c926"},
]

[[package]]
name = "sniffio"
version = "1.3.0"
description = "Sniff out which async library your code is running under"
optional = false
python-versions = ">=3.7"
files = [
    {file = "sniffio-1.3.0-py3-none-any.whl", hash = "sha256:eecefdce1e5bbfb7ad2eeaabf7c1eeb404d7757c379bd1f7e5cce9d8bf425384"},
    {file = "sniffio-1.3.0.tar.gz", hash = "sha256:e60305c5e5d314f5389259b7f22aaa33d8f7dee49763119234af3755c55b9101"},
]

[[package]]
name = "starlette"
version = "0.27.0"
description = "The little ASGI library that shines."
optional = false
python-versions = ">=3.7"
files = [
    {file = "starlette-0.27.0-py3-none-any.whl", hash = "sha256:918416370e846586541235ccd38a474c08b80443ed31c578a418e2209b3eef91"},
    {file = "starlette-0.27.0.tar.gz", hash = "sha256:6a6b0d042acb8d469a01eba54e9cda6cbd24ac602c4cd016723117d6a7e73b75"},
]

[package.dependencies]
anyio = ">=3.4.0,<5"
typing-extensions = {version = ">=3.10.0", markers = "python_version < \"3.10\""}

[package.extras]
full = ["httpx (>=0.22.0)", "itsdangerous", "jinja2", "python-multipart", "pyyaml"]

[[package]]
name = "typing-extensions"
version = "4.7.1"
description = "Backported and Experimental Type Hints for Python 3.7+"
optional = false
python-versions = ">=3.7"
files = [
    {file = "typing_extensions-4.7.1-py3-none-any.whl", hash = "sha256:440d5dd3af93b060174bf433bccd69b0babc3b15b1a8dca43789fd7f61514b36"},
    {file = "typing_extensions-4.7.1.tar.gz", hash = "sha256:b75ddc264f0ba5615db7ba217daeb99701ad295353c45f9e95963337ceeeffb2"},
]

[metadata]
lock-version = "2.0"
python-versions = "^3.9"
content-hash = "4f86e998821099b5f5548232621822f68f74cc0431d296f8d1423f6ce7a4212d"
